
Microsoft Visual Studio Solution File, Format Version 12.00
# Visual Studio 14
VisualStudioVersion = 14.0.25420.1
MinimumVisualStudioVersion = 10.0.40219.1
Project("{FAE04EC0-301F-11D3-BF4B-00C04F79EFBC}") = "TTOS0200", "TTOS0200\TTOS0200.csproj", "{2A0A9802-0E55-4ED4-BA76-950B3B3E0900}"
EndProject
Project("{FAE04EC0-301F-11D3-BF4B-00C04F79EFBC}") = "Tehtava1", "Tehtava1\Tehtava1.csproj", "{E0C3ECBF-B3E7-4A1B-BA88-16E6AC718FDB}"
EndProject
Project("{FAE04EC0-301F-11D3-BF4B-00C04F79EFBC}") = "Tehtava2", "Tehtava2\Tehtava2.csproj", "{8E9C7D75-17C6-45D3-A419-D66C9724FBEC}"
EndProject
Project("{FAE04EC0-301F-11D3-BF4B-00C04F79EFBC}") = "Tehtava3", "Tehtava3\Tehtava3.csproj", "{C9588BE9-5192-41FA-9F05-1791A7D81D14}"
EndProject
Project("{FAE04EC0-301F-11D3-BF4B-00C04F79EFBC}") = "Tehtava4", "Tehtava4\Tehtava4.csproj", "{6C0A86B2-8ED3-4D7F-A9C5-0848C9E8D499}"
EndProject
Project("{FAE04EC0-301F-11D3-BF4B-00C04F79EFBC}") = "Tehtava5", "Tehtava5\Tehtava5.csproj", "{DDF7EB86-EE01-4954-B621-EBCA93F773FF}"
EndProject
Project("{FAE04EC0-301F-11D3-BF4B-00C04F79EFBC}") = "Tehtava6", "Tehtava6\Tehtava6.csproj", "{AEC645A4-7A9B-4F26-8252-3A9949EADE92}"
EndProject
Project("{FAE04EC0-301F-11D3-BF4B-00C04F79EFBC}") = "Tehtava7", "Tehtava7\Tehtava7.csproj", "{38EAD60B-FF3F-4D1E-B7B4-3A2692DAD8E9}"
EndProject
Project("{FAE04EC0-301F-11D3-BF4B-00C04F79EFBC}") = "Lotto", "Lotto\Lotto.csproj", "{0B7F2ED2-EDE8-4C68-8C70-2F99A8B38115}"
EndProject
Project("{FAE04EC0-301F-11D3-BF4B-00C04F79EFBC}") = "Tehtava8", "Tehtava8\Tehtava8.csproj", "{FE97D425-C342-4FAD-97FD-1B93D011CDD8}"
EndProject
Project("{FAE04EC0-301F-11D3-BF4B-00C04F79EFBC}") = "Tehtava9", "Tehtava9\Tehtava9.csproj", "{55A1E48E-1328-4A40-B55A-09CAF03FBAA5}"
EndProject
Project("{FAE04EC0-301F-11D3-BF4B-00C04F79EFBC}") = "Refaktorointi_1", "Refaktorointi_1\Refaktorointi_1.csproj", "{516EBBE9-1948-443A-8F7D-9BAD35CB1246}"
EndProject
Project("{FAE04EC0-301F-11D3-BF4B-00C04F79EFBC}") = "Refaktorointi", "Refaktorointi_2\Refaktorointi.csproj", "{FEEDFCDD-0F89-478A-A37B-53AC489D39D8}"
EndProject
Project("{FAE04EC0-301F-11D3-BF4B-00C04F79EFBC}") = "Tehtava10-kesken", "Tehtava10\Tehtava10-kesken.csproj", "{47D9017C-B2B2-41E8-B564-F4F36710A6B5}"
EndProject
Global
	GlobalSection(SolutionConfigurationPlatforms) = preSolution
		Debug|Any CPU = Debug|Any CPU
		Release|Any CPU = Release|Any CPU
	EndGlobalSection
	GlobalSection(ProjectConfigurationPlatforms) = postSolution
		{2A0A9802-0E55-4ED4-BA76-950B3B3E0900}.Debug|Any CPU.ActiveCfg = Debug|Any CPU
		{2A0A9802-0E55-4ED4-BA76-950B3B3E0900}.Debug|Any CPU.Build.0 = Debug|Any CPU
		{2A0A9802-0E55-4ED4-BA76-950B3B3E0900}.Release|Any CPU.ActiveCfg = Release|Any CPU
		{2A0A9802-0E55-4ED4-BA76-950B3B3E0900}.Release|Any CPU.Build.0 = Release|Any CPU
		{E0C3ECBF-B3E7-4A1B-BA88-16E6AC718FDB}.Debug|Any CPU.ActiveCfg = Debug|Any CPU
		{E0C3ECBF-B3E7-4A1B-BA88-16E6AC718FDB}.Debug|Any CPU.Build.0 = Debug|Any CPU
		{E0C3ECBF-B3E7-4A1B-BA88-16E6AC718FDB}.Release|Any CPU.ActiveCfg = Release|Any CPU
		{E0C3ECBF-B3E7-4A1B-BA88-16E6AC718FDB}.Release|Any CPU.Build.0 = Release|Any CPU
		{8E9C7D75-17C6-45D3-A419-D66C9724FBEC}.Debug|Any CPU.ActiveCfg = Debug|Any CPU
		{8E9C7D75-17C6-45D3-A419-D66C9724FBEC}.Debug|Any CPU.Build.0 = Debug|Any CPU
		{8E9C7D75-17C6-45D3-A419-D66C9724FBEC}.Release|Any CPU.ActiveCfg = Release|Any CPU
		{8E9C7D75-17C6-45D3-A419-D66C9724FBEC}.Release|Any CPU.Build.0 = Release|Any CPU
		{C9588BE9-5192-41FA-9F05-1791A7D81D14}.Debug|Any CPU.ActiveCfg = Debug|Any CPU
		{C9588BE9-5192-41FA-9F05-1791A7D81D14}.Debug|Any CPU.Build.0 = Debug|Any CPU
		{C9588BE9-5192-41FA-9F05-1791A7D81D14}.Release|Any CPU.ActiveCfg = Release|Any CPU
		{C9588BE9-5192-41FA-9F05-1791A7D81D14}.Release|Any CPU.Build.0 = Release|Any CPU
		{6C0A86B2-8ED3-4D7F-A9C5-0848C9E8D499}.Debug|Any CPU.ActiveCfg = Debug|Any CPU
		{6C0A86B2-8ED3-4D7F-A9C5-0848C9E8D499}.Debug|Any CPU.Build.0 = Debug|Any CPU
		{6C0A86B2-8ED3-4D7F-A9C5-0848C9E8D499}.Release|Any CPU.ActiveCfg = Release|Any CPU
		{6C0A86B2-8ED3-4D7F-A9C5-0848C9E8D499}.Release|Any CPU.Build.0 = Release|Any CPU
		{DDF7EB86-EE01-4954-B621-EBCA93F773FF}.Debug|Any CPU.ActiveCfg = Debug|Any CPU
		{DDF7EB86-EE01-4954-B621-EBCA93F773FF}.Debug|Any CPU.Build.0 = Debug|Any CPU
		{DDF7EB86-EE01-4954-B621-EBCA93F773FF}.Release|Any CPU.ActiveCfg = Release|Any CPU
		{DDF7EB86-EE01-4954-B621-EBCA93F773FF}.Release|Any CPU.Build.0 = Release|Any CPU
		{AEC645A4-7A9B-4F26-8252-3A9949EADE92}.Debug|Any CPU.ActiveCfg = Debug|Any CPU
		{AEC645A4-7A9B-4F26-8252-3A9949EADE92}.Debug|Any CPU.Build.0 = Debug|Any CPU
		{AEC645A4-7A9B-4F26-8252-3A9949EADE92}.Release|Any CPU.ActiveCfg = Release|Any CPU
		{AEC645A4-7A9B-4F26-8252-3A9949EADE92}.Release|Any CPU.Build.0 = Release|Any CPU
		{38EAD60B-FF3F-4D1E-B7B4-3A2692DAD8E9}.Debug|Any CPU.ActiveCfg = Debug|Any CPU
		{38EAD60B-FF3F-4D1E-B7B4-3A2692DAD8E9}.Debug|Any CPU.Build.0 = Debug|Any CPU
		{38EAD60B-FF3F-4D1E-B7B4-3A2692DAD8E9}.Release|Any CPU.ActiveCfg = Release|Any CPU
		{38EAD60B-FF3F-4D1E-B7B4-3A2692DAD8E9}.Release|Any CPU.Build.0 = Release|Any CPU
		{0B7F2ED2-EDE8-4C68-8C70-2F99A8B38115}.Debug|Any CPU.ActiveCfg = Debug|Any CPU
		{0B7F2ED2-EDE8-4C68-8C70-2F99A8B38115}.Debug|Any CPU.Build.0 = Debug|Any CPU
		{0B7F2ED2-EDE8-4C68-8C70-2F99A8B38115}.Release|Any CPU.ActiveCfg = Release|Any CPU
		{0B7F2ED2-EDE8-4C68-8C70-2F99A8B38115}.Release|Any CPU.Build.0 = Release|Any CPU
		{FE97D425-C342-4FAD-97FD-1B93D011CDD8}.Debug|Any CPU.ActiveCfg = Debug|Any CPU
		{FE97D425-C342-4FAD-97FD-1B93D011CDD8}.Debug|Any CPU.Build.0 = Debug|Any CPU
		{FE97D425-C342-4FAD-97FD-1B93D011CDD8}.Release|Any CPU.ActiveCfg = Release|Any CPU
		{FE97D425-C342-4FAD-97FD-1B93D011CDD8}.Release|Any CPU.Build.0 = Release|Any CPU
		{55A1E48E-1328-4A40-B55A-09CAF03FBAA5}.Debug|Any CPU.ActiveCfg = Debug|Any CPU
		{55A1E48E-1328-4A40-B55A-09CAF03FBAA5}.Debug|Any CPU.Build.0 = Debug|Any CPU
		{55A1E48E-1328-4A40-B55A-09CAF03FBAA5}.Release|Any CPU.ActiveCfg = Release|Any CPU
		{55A1E48E-1328-4A40-B55A-09CAF03FBAA5}.Release|Any CPU.Build.0 = Release|Any CPU
		{516EBBE9-1948-443A-8F7D-9BAD35CB1246}.Debug|Any CPU.ActiveCfg = Debug|Any CPU
		{516EBBE9-1948-443A-8F7D-9BAD35CB1246}.Debug|Any CPU.Build.0 = Debug|Any CPU
		{516EBBE9-1948-443A-8F7D-9BAD35CB1246}.Release|Any CPU.ActiveCfg = Release|Any CPU
		{516EBBE9-1948-443A-8F7D-9BAD35CB1246}.Release|Any CPU.Build.0 = Release|Any CPU
		{FEEDFCDD-0F89-478A-A37B-53AC489D39D8}.Debug|Any CPU.ActiveCfg = Debug|Any CPU
		{FEEDFCDD-0F89-478A-A37B-53AC489D39D8}.Debug|Any CPU.Build.0 = Debug|Any CPU
		{FEEDFCDD-0F89-478A-A37B-53AC489D39D8}.Release|Any CPU.ActiveCfg = Release|Any CPU
		{FEEDFCDD-0F89-478A-A37B-53AC489D39D8}.Release|Any CPU.Build.0 = Release|Any CPU
		{47D9017C-B2B2-41E8-B564-F4F36710A6B5}.Debug|Any CPU.ActiveCfg = Debug|Any CPU
		{47D9017C-B2B2-41E8-B564-F4F36710A6B5}.Debug|Any CPU.Build.0 = Debug|Any CPU
		{47D9017C-B2B2-41E8-B564-F4F36710A6B5}.Release|Any CPU.ActiveCfg = Release|Any CPU
		{47D9017C-B2B2-41E8-B564-F4F36710A6B5}.Release|Any CPU.Build.0 = Release|Any CPU
	EndGlobalSection
	GlobalSection(SolutionProperties) = preSolution
		HideSolutionNode = FALSE
	EndGlobalSection
EndGlobal
